
Microsoft Visual Studio Solution File, Format Version 12.00
# Visual Studio 15
VisualStudioVersion = 15.0.26430.13
MinimumVisualStudioVersion = 10.0.40219.1
Project("{FAE04EC0-301F-11D3-BF4B-00C04F79EFBC}") = "nEkis.Automation.Core", "nEkis.Automation.Core\nEkis.Automation.Core.csproj", "{F65D083E-98A0-41E0-87BE-5DA714C27DAE}"
EndProject
Project("{FAE04EC0-301F-11D3-BF4B-00C04F79EFBC}") = "TestingProject", "TestingProject\TestingProject.csproj", "{F80EE8DE-9C0B-4D12-8963-5A25B0C8825C}"
EndProject
Global
	GlobalSection(SolutionConfigurationPlatforms) = preSolution
		Debug|Any CPU = Debug|Any CPU
		Release|Any CPU = Release|Any CPU
	EndGlobalSection
	GlobalSection(ProjectConfigurationPlatforms) = postSolution
		{F65D083E-98A0-41E0-87BE-5DA714C27DAE}.Debug|Any CPU.ActiveCfg = Debug|Any CPU
		{F65D083E-98A0-41E0-87BE-5DA714C27DAE}.Debug|Any CPU.Build.0 = Debug|Any CPU
		{F65D083E-98A0-41E0-87BE-5DA714C27DAE}.Release|Any CPU.ActiveCfg = Release|Any CPU
		{F65D083E-98A0-41E0-87BE-5DA714C27DAE}.Release|Any CPU.Build.0 = Release|Any CPU
		{F80EE8DE-9C0B-4D12-8963-5A25B0C8825C}.Debug|Any CPU.ActiveCfg = Debug|Any CPU
		{F80EE8DE-9C0B-4D12-8963-5A25B0C8825C}.Debug|Any CPU.Build.0 = Debug|Any CPU
		{F80EE8DE-9C0B-4D12-8963-5A25B0C8825C}.Release|Any CPU.ActiveCfg = Release|Any CPU
		{F80EE8DE-9C0B-4D12-8963-5A25B0C8825C}.Release|Any CPU.Build.0 = Release|Any CPU
	EndGlobalSection
	GlobalSection(SolutionProperties) = preSolution
		HideSolutionNode = FALSE
	EndGlobalSection
EndGlobal
